// !$*UTF8*$!
{
	archiveVersion = 1;
	classes = {
	};
	objectVersion = 55;
	objects = {

/* Begin PBXBuildFile section */
		0751131D2A1088ED002CBED9 /* SearchLocation.swift in Sources */ = {isa = PBXBuildFile; fileRef = 0751131C2A1088ED002CBED9 /* SearchLocation.swift */; };
		075113232A10A190002CBED9 /* SafeURL.swift in Sources */ = {isa = PBXBuildFile; fileRef = 075113222A10A190002CBED9 /* SafeURL.swift */; };
		4D960CF32A11400D00F54D4B /* ReverseGeocodingAPI.swift in Sources */ = {isa = PBXBuildFile; fileRef = 4D960CF22A11400D00F54D4B /* ReverseGeocodingAPI.swift */; };
		62A1C61D2A0E56B000156986 /* AppDelegate.swift in Sources */ = {isa = PBXBuildFile; fileRef = 62A1C61C2A0E56B000156986 /* AppDelegate.swift */; };
		62A1C61F2A0E56B000156986 /* SceneDelegate.swift in Sources */ = {isa = PBXBuildFile; fileRef = 62A1C61E2A0E56B000156986 /* SceneDelegate.swift */; };
		62A1C6212A0E56B000156986 /* RandomViewController.swift in Sources */ = {isa = PBXBuildFile; fileRef = 62A1C6202A0E56B000156986 /* RandomViewController.swift */; };
		62A1C6262A0E56B000156986 /* Assets.xcassets in Resources */ = {isa = PBXBuildFile; fileRef = 62A1C6252A0E56B000156986 /* Assets.xcassets */; };
		62A1C6292A0E56B000156986 /* LaunchScreen.storyboard in Resources */ = {isa = PBXBuildFile; fileRef = 62A1C6272A0E56B000156986 /* LaunchScreen.storyboard */; };
		62A1C6342A0E67E400156986 /* Alamofire in Frameworks */ = {isa = PBXBuildFile; productRef = 62A1C6332A0E67E400156986 /* Alamofire */; };
		62A1C6372A0E683300156986 /* SnapKit in Frameworks */ = {isa = PBXBuildFile; productRef = 62A1C6362A0E683300156986 /* SnapKit */; };
		62A1C63F2A0E694600156986 /* SearchLocationAPI.swift in Sources */ = {isa = PBXBuildFile; fileRef = 62A1C63E2A0E694600156986 /* SearchLocationAPI.swift */; };
		62A1C6412A0E695500156986 /* ReverseGeocoding.swift in Sources */ = {isa = PBXBuildFile; fileRef = 62A1C6402A0E695500156986 /* ReverseGeocoding.swift */; };
		62A1C6452A0E69AC00156986 /* RandomView.swift in Sources */ = {isa = PBXBuildFile; fileRef = 62A1C6442A0E69AC00156986 /* RandomView.swift */; };
		62A1C6492A0E69C100156986 /* HalfRandomView.swift in Sources */ = {isa = PBXBuildFile; fileRef = 62A1C6482A0E69C100156986 /* HalfRandomView.swift */; };
		62A1C64B2A0E69C800156986 /* RestaurantDetailView.swift in Sources */ = {isa = PBXBuildFile; fileRef = 62A1C64A2A0E69C800156986 /* RestaurantDetailView.swift */; };
		62A1C64D2A0E69E200156986 /* SettingView.swift in Sources */ = {isa = PBXBuildFile; fileRef = 62A1C64C2A0E69E200156986 /* SettingView.swift */; };
		62A1C6502A0E6A2B00156986 /* Extension.swift in Sources */ = {isa = PBXBuildFile; fileRef = 62A1C64F2A0E6A2B00156986 /* Extension.swift */; };
		62C6BAA32A11E97600957584 /* HalfRandomViewController.swift in Sources */ = {isa = PBXBuildFile; fileRef = 62C6BAA22A11E97600957584 /* HalfRandomViewController.swift */; };
		62C6BAA52A11E98B00957584 /* RestaurantDetailViewController.swift in Sources */ = {isa = PBXBuildFile; fileRef = 62C6BAA42A11E98B00957584 /* RestaurantDetailViewController.swift */; };
		7F6154092A15D77000CE6E91 /* SelectRestaurantAnnotaion.swift in Sources */ = {isa = PBXBuildFile; fileRef = 7F6154082A15D77000CE6E91 /* SelectRestaurantAnnotaion.swift */; };
		7F61540C2A15D7D800CE6E91 /* CircularButton.swift in Sources */ = {isa = PBXBuildFile; fileRef = 7F61540B2A15D7D800CE6E91 /* CircularButton.swift */; };
		7F61540E2A15D83500CE6E91 /* CustomStackView.swift in Sources */ = {isa = PBXBuildFile; fileRef = 7F61540D2A15D83500CE6E91 /* CustomStackView.swift */; };
		7F6154102A15E5B300CE6E91 /* SettingViewController.swift in Sources */ = {isa = PBXBuildFile; fileRef = 7F61540F2A15E5B300CE6E91 /* SettingViewController.swift */; };
		7F8768492A136AE900066A50 /* APIKEY.plist in Resources */ = {isa = PBXBuildFile; fileRef = 7F8768482A136AE900066A50 /* APIKEY.plist */; };
		7F87684B2A136E6A00066A50 /* SheetView.swift in Sources */ = {isa = PBXBuildFile; fileRef = 7F87684A2A136E6A00066A50 /* SheetView.swift */; };
		7F87684D2A136E7700066A50 /* SheetViewController.swift in Sources */ = {isa = PBXBuildFile; fileRef = 7F87684C2A136E7700066A50 /* SheetViewController.swift */; };
		F217541F7C0BBA1F9E8491C5 /* Pods_RestaurantPicked.framework in Frameworks */ = {isa = PBXBuildFile; fileRef = 9B8B9FB560477E6261E7D1E8 /* Pods_RestaurantPicked.framework */; };
/* End PBXBuildFile section */

/* Begin PBXFileReference section */
		0751131C2A1088ED002CBED9 /* SearchLocation.swift */ = {isa = PBXFileReference; lastKnownFileType = sourcecode.swift; path = SearchLocation.swift; sourceTree = "<group>"; };
		075113222A10A190002CBED9 /* SafeURL.swift */ = {isa = PBXFileReference; lastKnownFileType = sourcecode.swift; path = SafeURL.swift; sourceTree = "<group>"; };
		14C6310D9A97AB3835DDD319 /* Pods-RestaurantPicked.debug.xcconfig */ = {isa = PBXFileReference; includeInIndex = 1; lastKnownFileType = text.xcconfig; name = "Pods-RestaurantPicked.debug.xcconfig"; path = "Target Support Files/Pods-RestaurantPicked/Pods-RestaurantPicked.debug.xcconfig"; sourceTree = "<group>"; };
		1E1B170F19C2F08351AF141D /* Pods-RestaurantPicked.release.xcconfig */ = {isa = PBXFileReference; includeInIndex = 1; lastKnownFileType = text.xcconfig; name = "Pods-RestaurantPicked.release.xcconfig"; path = "Target Support Files/Pods-RestaurantPicked/Pods-RestaurantPicked.release.xcconfig"; sourceTree = "<group>"; };
		4D960CF22A11400D00F54D4B /* ReverseGeocodingAPI.swift */ = {isa = PBXFileReference; lastKnownFileType = sourcecode.swift; path = ReverseGeocodingAPI.swift; sourceTree = "<group>"; };
		62A1C6192A0E56B000156986 /* RestaurantPicked.app */ = {isa = PBXFileReference; explicitFileType = wrapper.application; includeInIndex = 0; path = RestaurantPicked.app; sourceTree = BUILT_PRODUCTS_DIR; };
		62A1C61C2A0E56B000156986 /* AppDelegate.swift */ = {isa = PBXFileReference; lastKnownFileType = sourcecode.swift; path = AppDelegate.swift; sourceTree = "<group>"; };
		62A1C61E2A0E56B000156986 /* SceneDelegate.swift */ = {isa = PBXFileReference; lastKnownFileType = sourcecode.swift; path = SceneDelegate.swift; sourceTree = "<group>"; };
		62A1C6202A0E56B000156986 /* RandomViewController.swift */ = {isa = PBXFileReference; lastKnownFileType = sourcecode.swift; path = RandomViewController.swift; sourceTree = "<group>"; };
		62A1C6252A0E56B000156986 /* Assets.xcassets */ = {isa = PBXFileReference; lastKnownFileType = folder.assetcatalog; path = Assets.xcassets; sourceTree = "<group>"; };
		62A1C6282A0E56B000156986 /* Base */ = {isa = PBXFileReference; lastKnownFileType = file.storyboard; name = Base; path = Base.lproj/LaunchScreen.storyboard; sourceTree = "<group>"; };
		62A1C62A2A0E56B000156986 /* Info.plist */ = {isa = PBXFileReference; lastKnownFileType = text.plist.xml; path = Info.plist; sourceTree = "<group>"; };
		62A1C63E2A0E694600156986 /* SearchLocationAPI.swift */ = {isa = PBXFileReference; lastKnownFileType = sourcecode.swift; path = SearchLocationAPI.swift; sourceTree = "<group>"; };
		62A1C6402A0E695500156986 /* ReverseGeocoding.swift */ = {isa = PBXFileReference; lastKnownFileType = sourcecode.swift; path = ReverseGeocoding.swift; sourceTree = "<group>"; };
		62A1C6442A0E69AC00156986 /* RandomView.swift */ = {isa = PBXFileReference; lastKnownFileType = sourcecode.swift; path = RandomView.swift; sourceTree = "<group>"; };
		62A1C6482A0E69C100156986 /* HalfRandomView.swift */ = {isa = PBXFileReference; lastKnownFileType = sourcecode.swift; path = HalfRandomView.swift; sourceTree = "<group>"; };
		62A1C64A2A0E69C800156986 /* RestaurantDetailView.swift */ = {isa = PBXFileReference; lastKnownFileType = sourcecode.swift; path = RestaurantDetailView.swift; sourceTree = "<group>"; };
		62A1C64C2A0E69E200156986 /* SettingView.swift */ = {isa = PBXFileReference; lastKnownFileType = sourcecode.swift; path = SettingView.swift; sourceTree = "<group>"; };
		62A1C64F2A0E6A2B00156986 /* Extension.swift */ = {isa = PBXFileReference; lastKnownFileType = sourcecode.swift; path = Extension.swift; sourceTree = "<group>"; };
		62C6BAA22A11E97600957584 /* HalfRandomViewController.swift */ = {isa = PBXFileReference; lastKnownFileType = sourcecode.swift; path = HalfRandomViewController.swift; sourceTree = "<group>"; };
		62C6BAA42A11E98B00957584 /* RestaurantDetailViewController.swift */ = {isa = PBXFileReference; lastKnownFileType = sourcecode.swift; path = RestaurantDetailViewController.swift; sourceTree = "<group>"; };
		7F6154082A15D77000CE6E91 /* SelectRestaurantAnnotaion.swift */ = {isa = PBXFileReference; lastKnownFileType = sourcecode.swift; path = SelectRestaurantAnnotaion.swift; sourceTree = "<group>"; };
		7F61540B2A15D7D800CE6E91 /* CircularButton.swift */ = {isa = PBXFileReference; lastKnownFileType = sourcecode.swift; path = CircularButton.swift; sourceTree = "<group>"; };
		7F61540D2A15D83500CE6E91 /* CustomStackView.swift */ = {isa = PBXFileReference; lastKnownFileType = sourcecode.swift; path = CustomStackView.swift; sourceTree = "<group>"; };
		7F61540F2A15E5B300CE6E91 /* SettingViewController.swift */ = {isa = PBXFileReference; lastKnownFileType = sourcecode.swift; path = SettingViewController.swift; sourceTree = "<group>"; };
		7F8768482A136AE900066A50 /* APIKEY.plist */ = {isa = PBXFileReference; lastKnownFileType = text.plist.xml; path = APIKEY.plist; sourceTree = "<group>"; };
		7F87684A2A136E6A00066A50 /* SheetView.swift */ = {isa = PBXFileReference; fileEncoding = 4; lastKnownFileType = sourcecode.swift; path = SheetView.swift; sourceTree = "<group>"; };
		7F87684C2A136E7700066A50 /* SheetViewController.swift */ = {isa = PBXFileReference; fileEncoding = 4; lastKnownFileType = sourcecode.swift; path = SheetViewController.swift; sourceTree = "<group>"; };
		9B8B9FB560477E6261E7D1E8 /* Pods_RestaurantPicked.framework */ = {isa = PBXFileReference; explicitFileType = wrapper.framework; includeInIndex = 0; path = Pods_RestaurantPicked.framework; sourceTree = BUILT_PRODUCTS_DIR; };
/* End PBXFileReference section */

/* Begin PBXFrameworksBuildPhase section */
		62A1C6162A0E56B000156986 /* Frameworks */ = {
			isa = PBXFrameworksBuildPhase;
			buildActionMask = 2147483647;
			files = (
				62A1C6342A0E67E400156986 /* Alamofire in Frameworks */,
				62A1C6372A0E683300156986 /* SnapKit in Frameworks */,
				F217541F7C0BBA1F9E8491C5 /* Pods_RestaurantPicked.framework in Frameworks */,
			);
			runOnlyForDeploymentPostprocessing = 0;
		};
/* End PBXFrameworksBuildPhase section */

/* Begin PBXGroup section */
		62A1C6102A0E56B000156986 = {
			isa = PBXGroup;
			children = (
				62A1C61B2A0E56B000156986 /* RestaurantPicked */,
				62A1C61A2A0E56B000156986 /* Products */,
				72DC6831FAF8C8EBEF945042 /* Pods */,
				F4838797F70465DC766E5DDD /* Frameworks */,
			);
			sourceTree = "<group>";
		};
		62A1C61A2A0E56B000156986 /* Products */ = {
			isa = PBXGroup;
			children = (
				62A1C6192A0E56B000156986 /* RestaurantPicked.app */,
			);
			name = Products;
			sourceTree = "<group>";
		};
		62A1C61B2A0E56B000156986 /* RestaurantPicked */ = {
			isa = PBXGroup;
			children = (
				62A1C61C2A0E56B000156986 /* AppDelegate.swift */,
				62A1C61E2A0E56B000156986 /* SceneDelegate.swift */,
				7F8768482A136AE900066A50 /* APIKEY.plist */,
				62A1C6252A0E56B000156986 /* Assets.xcassets */,
				62A1C6272A0E56B000156986 /* LaunchScreen.storyboard */,
				62A1C62A2A0E56B000156986 /* Info.plist */,
				62A1C6392A0E68B900156986 /* Models */,
				62A1C63A2A0E68C400156986 /* Views */,
				62A1C63B2A0E68CF00156986 /* Controllers */,
				62A1C64E2A0E6A0D00156986 /* Extension */,
			);
			path = RestaurantPicked;
			sourceTree = "<group>";
		};
		62A1C6392A0E68B900156986 /* Models */ = {
			isa = PBXGroup;
			children = (
				0751131C2A1088ED002CBED9 /* SearchLocation.swift */,
				62A1C63E2A0E694600156986 /* SearchLocationAPI.swift */,
				62A1C6402A0E695500156986 /* ReverseGeocoding.swift */,
				4D960CF22A11400D00F54D4B /* ReverseGeocodingAPI.swift */,
				7F6154082A15D77000CE6E91 /* SelectRestaurantAnnotaion.swift */,
			);
			path = Models;
			sourceTree = "<group>";
		};
		62A1C63A2A0E68C400156986 /* Views */ = {
			isa = PBXGroup;
			children = (
				7F61540A2A15D7AC00CE6E91 /* CustomViews */,
				62A1C6442A0E69AC00156986 /* RandomView.swift */,
				62A1C6482A0E69C100156986 /* HalfRandomView.swift */,
				62A1C64A2A0E69C800156986 /* RestaurantDetailView.swift */,
				7F87684A2A136E6A00066A50 /* SheetView.swift */,
				62A1C64C2A0E69E200156986 /* SettingView.swift */,
			);
			path = Views;
			sourceTree = "<group>";
		};
		62A1C63B2A0E68CF00156986 /* Controllers */ = {
			isa = PBXGroup;
			children = (
				62A1C6202A0E56B000156986 /* RandomViewController.swift */,
				62C6BAA22A11E97600957584 /* HalfRandomViewController.swift */,
				62C6BAA42A11E98B00957584 /* RestaurantDetailViewController.swift */,
				7F87684C2A136E7700066A50 /* SheetViewController.swift */,
				7F61540F2A15E5B300CE6E91 /* SettingViewController.swift */,
			);
			path = Controllers;
			sourceTree = "<group>";
		};
		62A1C64E2A0E6A0D00156986 /* Extension */ = {
			isa = PBXGroup;
			children = (
				62A1C64F2A0E6A2B00156986 /* Extension.swift */,
				075113222A10A190002CBED9 /* SafeURL.swift */,
			);
			path = Extension;
			sourceTree = "<group>";
		};
		72DC6831FAF8C8EBEF945042 /* Pods */ = {
			isa = PBXGroup;
			children = (
				14C6310D9A97AB3835DDD319 /* Pods-RestaurantPicked.debug.xcconfig */,
				1E1B170F19C2F08351AF141D /* Pods-RestaurantPicked.release.xcconfig */,
			);
			path = Pods;
			sourceTree = "<group>";
		};
		7F61540A2A15D7AC00CE6E91 /* CustomViews */ = {
			isa = PBXGroup;
			children = (
				7F61540B2A15D7D800CE6E91 /* CircularButton.swift */,
				7F61540D2A15D83500CE6E91 /* CustomStackView.swift */,
			);
			path = CustomViews;
			sourceTree = "<group>";
		};
		F4838797F70465DC766E5DDD /* Frameworks */ = {
			isa = PBXGroup;
			children = (
				9B8B9FB560477E6261E7D1E8 /* Pods_RestaurantPicked.framework */,
			);
			name = Frameworks;
			sourceTree = "<group>";
		};
/* End PBXGroup section */

/* Begin PBXNativeTarget section */
		62A1C6182A0E56B000156986 /* RestaurantPicked */ = {
			isa = PBXNativeTarget;
			buildConfigurationList = 62A1C62D2A0E56B000156986 /* Build configuration list for PBXNativeTarget "RestaurantPicked" */;
			buildPhases = (
				E3BF312DBA485FACC892AF17 /* [CP] Check Pods Manifest.lock */,
				62A1C6152A0E56B000156986 /* Sources */,
				62A1C6162A0E56B000156986 /* Frameworks */,
				62A1C6172A0E56B000156986 /* Resources */,
				54182FD24C7DDEFEDE504EB8 /* [CP] Embed Pods Frameworks */,
			);
			buildRules = (
			);
			dependencies = (
			);
			name = RestaurantPicked;
			packageProductDependencies = (
				62A1C6332A0E67E400156986 /* Alamofire */,
				62A1C6362A0E683300156986 /* SnapKit */,
			);
			productName = RestaurantPicked;
			productReference = 62A1C6192A0E56B000156986 /* RestaurantPicked.app */;
			productType = "com.apple.product-type.application";
		};
/* End PBXNativeTarget section */

/* Begin PBXProject section */
		62A1C6112A0E56B000156986 /* Project object */ = {
			isa = PBXProject;
			attributes = {
				BuildIndependentTargetsInParallel = 1;
				LastSwiftUpdateCheck = 1430;
				LastUpgradeCheck = 1430;
				TargetAttributes = {
					62A1C6182A0E56B000156986 = {
						CreatedOnToolsVersion = 14.3;
					};
				};
			};
			buildConfigurationList = 62A1C6142A0E56B000156986 /* Build configuration list for PBXProject "RestaurantPicked" */;
			compatibilityVersion = "Xcode 13.0";
			developmentRegion = en;
			hasScannedForEncodings = 0;
			knownRegions = (
				en,
				Base,
			);
			mainGroup = 62A1C6102A0E56B000156986;
			packageReferences = (
				62A1C6322A0E67E400156986 /* XCRemoteSwiftPackageReference "Alamofire" */,
				62A1C6352A0E683300156986 /* XCRemoteSwiftPackageReference "SnapKit" */,
			);
			productRefGroup = 62A1C61A2A0E56B000156986 /* Products */;
			projectDirPath = "";
			projectRoot = "";
			targets = (
				62A1C6182A0E56B000156986 /* RestaurantPicked */,
			);
		};
/* End PBXProject section */

/* Begin PBXResourcesBuildPhase section */
		62A1C6172A0E56B000156986 /* Resources */ = {
			isa = PBXResourcesBuildPhase;
			buildActionMask = 2147483647;
			files = (
				62A1C6292A0E56B000156986 /* LaunchScreen.storyboard in Resources */,
				62A1C6262A0E56B000156986 /* Assets.xcassets in Resources */,
				7F8768492A136AE900066A50 /* APIKEY.plist in Resources */,
			);
			runOnlyForDeploymentPostprocessing = 0;
		};
/* End PBXResourcesBuildPhase section */

/* Begin PBXShellScriptBuildPhase section */
		54182FD24C7DDEFEDE504EB8 /* [CP] Embed Pods Frameworks */ = {
			isa = PBXShellScriptBuildPhase;
			buildActionMask = 2147483647;
			files = (
			);
			inputFileListPaths = (
				"${PODS_ROOT}/Target Support Files/Pods-RestaurantPicked/Pods-RestaurantPicked-frameworks-${CONFIGURATION}-input-files.xcfilelist",
			);
			name = "[CP] Embed Pods Frameworks";
			outputFileListPaths = (
				"${PODS_ROOT}/Target Support Files/Pods-RestaurantPicked/Pods-RestaurantPicked-frameworks-${CONFIGURATION}-output-files.xcfilelist",
			);
			runOnlyForDeploymentPostprocessing = 0;
			shellPath = /bin/sh;
			shellScript = "\"${PODS_ROOT}/Target Support Files/Pods-RestaurantPicked/Pods-RestaurantPicked-frameworks.sh\"\n";
			showEnvVarsInLog = 0;
		};
		E3BF312DBA485FACC892AF17 /* [CP] Check Pods Manifest.lock */ = {
			isa = PBXShellScriptBuildPhase;
			buildActionMask = 2147483647;
			files = (
			);
			inputFileListPaths = (
			);
			inputPaths = (
				"${PODS_PODFILE_DIR_PATH}/Podfile.lock",
				"${PODS_ROOT}/Manifest.lock",
			);
			name = "[CP] Check Pods Manifest.lock";
			outputFileListPaths = (
			);
			outputPaths = (
				"$(DERIVED_FILE_DIR)/Pods-RestaurantPicked-checkManifestLockResult.txt",
			);
			runOnlyForDeploymentPostprocessing = 0;
			shellPath = /bin/sh;
			shellScript = "diff \"${PODS_PODFILE_DIR_PATH}/Podfile.lock\" \"${PODS_ROOT}/Manifest.lock\" > /dev/null\nif [ $? != 0 ] ; then\n    # print error to STDERR\n    echo \"error: The sandbox is not in sync with the Podfile.lock. Run 'pod install' or update your CocoaPods installation.\" >&2\n    exit 1\nfi\n# This output is used by Xcode 'outputs' to avoid re-running this script phase.\necho \"SUCCESS\" > \"${SCRIPT_OUTPUT_FILE_0}\"\n";
			showEnvVarsInLog = 0;
		};
/* End PBXShellScriptBuildPhase section */

/* Begin PBXSourcesBuildPhase section */
		62A1C6152A0E56B000156986 /* Sources */ = {
			isa = PBXSourcesBuildPhase;
			buildActionMask = 2147483647;
			files = (
				62C6BAA32A11E97600957584 /* HalfRandomViewController.swift in Sources */,
				62A1C6212A0E56B000156986 /* RandomViewController.swift in Sources */,
				4D960CF32A11400D00F54D4B /* ReverseGeocodingAPI.swift in Sources */,
				62A1C61D2A0E56B000156986 /* AppDelegate.swift in Sources */,
				7F61540C2A15D7D800CE6E91 /* CircularButton.swift in Sources */,
				075113232A10A190002CBED9 /* SafeURL.swift in Sources */,
				62A1C64D2A0E69E200156986 /* SettingView.swift in Sources */,
				0751131D2A1088ED002CBED9 /* SearchLocation.swift in Sources */,
				7F61540E2A15D83500CE6E91 /* CustomStackView.swift in Sources */,
				62A1C6452A0E69AC00156986 /* RandomView.swift in Sources */,
				62C6BAA52A11E98B00957584 /* RestaurantDetailViewController.swift in Sources */,
				7F6154092A15D77000CE6E91 /* SelectRestaurantAnnotaion.swift in Sources */,
				7F6154102A15E5B300CE6E91 /* SettingViewController.swift in Sources */,
				62A1C63F2A0E694600156986 /* SearchLocationAPI.swift in Sources */,
				62A1C6502A0E6A2B00156986 /* Extension.swift in Sources */,
				7F87684D2A136E7700066A50 /* SheetViewController.swift in Sources */,
				62A1C61F2A0E56B000156986 /* SceneDelegate.swift in Sources */,
				62A1C6412A0E695500156986 /* ReverseGeocoding.swift in Sources */,
				62A1C64B2A0E69C800156986 /* RestaurantDetailView.swift in Sources */,
				62A1C6492A0E69C100156986 /* HalfRandomView.swift in Sources */,
				7F87684B2A136E6A00066A50 /* SheetView.swift in Sources */,
			);
			runOnlyForDeploymentPostprocessing = 0;
		};
/* End PBXSourcesBuildPhase section */

/* Begin PBXVariantGroup section */
		62A1C6272A0E56B000156986 /* LaunchScreen.storyboard */ = {
			isa = PBXVariantGroup;
			children = (
				62A1C6282A0E56B000156986 /* Base */,
			);
			name = LaunchScreen.storyboard;
			sourceTree = "<group>";
		};
/* End PBXVariantGroup section */

/* Begin XCBuildConfiguration section */
		62A1C62B2A0E56B000156986 /* Debug */ = {
			isa = XCBuildConfiguration;
			buildSettings = {
				ALWAYS_SEARCH_USER_PATHS = NO;
				CLANG_ANALYZER_NONNULL = YES;
				CLANG_ANALYZER_NUMBER_OBJECT_CONVERSION = YES_AGGRESSIVE;
				CLANG_CXX_LANGUAGE_STANDARD = "gnu++20";
				CLANG_ENABLE_MODULES = YES;
				CLANG_ENABLE_OBJC_ARC = YES;
				CLANG_ENABLE_OBJC_WEAK = YES;
				CLANG_WARN_BLOCK_CAPTURE_AUTORELEASING = YES;
				CLANG_WARN_BOOL_CONVERSION = YES;
				CLANG_WARN_COMMA = YES;
				CLANG_WARN_CONSTANT_CONVERSION = YES;
				CLANG_WARN_DEPRECATED_OBJC_IMPLEMENTATIONS = YES;
				CLANG_WARN_DIRECT_OBJC_ISA_USAGE = YES_ERROR;
				CLANG_WARN_DOCUMENTATION_COMMENTS = YES;
				CLANG_WARN_EMPTY_BODY = YES;
				CLANG_WARN_ENUM_CONVERSION = YES;
				CLANG_WARN_INFINITE_RECURSION = YES;
				CLANG_WARN_INT_CONVERSION = YES;
				CLANG_WARN_NON_LITERAL_NULL_CONVERSION = YES;
				CLANG_WARN_OBJC_IMPLICIT_RETAIN_SELF = YES;
				CLANG_WARN_OBJC_LITERAL_CONVERSION = YES;
				CLANG_WARN_OBJC_ROOT_CLASS = YES_ERROR;
				CLANG_WARN_QUOTED_INCLUDE_IN_FRAMEWORK_HEADER = YES;
				CLANG_WARN_RANGE_LOOP_ANALYSIS = YES;
				CLANG_WARN_STRICT_PROTOTYPES = YES;
				CLANG_WARN_SUSPICIOUS_MOVE = YES;
				CLANG_WARN_UNGUARDED_AVAILABILITY = YES_AGGRESSIVE;
				CLANG_WARN_UNREACHABLE_CODE = YES;
				CLANG_WARN__DUPLICATE_METHOD_MATCH = YES;
				COPY_PHASE_STRIP = NO;
				DEBUG_INFORMATION_FORMAT = dwarf;
				ENABLE_STRICT_OBJC_MSGSEND = YES;
				ENABLE_TESTABILITY = YES;
				GCC_C_LANGUAGE_STANDARD = gnu11;
				GCC_DYNAMIC_NO_PIC = NO;
				GCC_NO_COMMON_BLOCKS = YES;
				GCC_OPTIMIZATION_LEVEL = 0;
				GCC_PREPROCESSOR_DEFINITIONS = (
					"DEBUG=1",
					"$(inherited)",
				);
				GCC_WARN_64_TO_32_BIT_CONVERSION = YES;
				GCC_WARN_ABOUT_RETURN_TYPE = YES_ERROR;
				GCC_WARN_UNDECLARED_SELECTOR = YES;
				GCC_WARN_UNINITIALIZED_AUTOS = YES_AGGRESSIVE;
				GCC_WARN_UNUSED_FUNCTION = YES;
				GCC_WARN_UNUSED_VARIABLE = YES;
				IPHONEOS_DEPLOYMENT_TARGET = 16.4;
				MTL_ENABLE_DEBUG_INFO = INCLUDE_SOURCE;
				MTL_FAST_MATH = YES;
				ONLY_ACTIVE_ARCH = YES;
				SDKROOT = iphoneos;
				SWIFT_ACTIVE_COMPILATION_CONDITIONS = DEBUG;
				SWIFT_OPTIMIZATION_LEVEL = "-Onone";
			};
			name = Debug;
		};
		62A1C62C2A0E56B000156986 /* Release */ = {
			isa = XCBuildConfiguration;
			buildSettings = {
				ALWAYS_SEARCH_USER_PATHS = NO;
				CLANG_ANALYZER_NONNULL = YES;
				CLANG_ANALYZER_NUMBER_OBJECT_CONVERSION = YES_AGGRESSIVE;
				CLANG_CXX_LANGUAGE_STANDARD = "gnu++20";
				CLANG_ENABLE_MODULES = YES;
				CLANG_ENABLE_OBJC_ARC = YES;
				CLANG_ENABLE_OBJC_WEAK = YES;
				CLANG_WARN_BLOCK_CAPTURE_AUTORELEASING = YES;
				CLANG_WARN_BOOL_CONVERSION = YES;
				CLANG_WARN_COMMA = YES;
				CLANG_WARN_CONSTANT_CONVERSION = YES;
				CLANG_WARN_DEPRECATED_OBJC_IMPLEMENTATIONS = YES;
				CLANG_WARN_DIRECT_OBJC_ISA_USAGE = YES_ERROR;
				CLANG_WARN_DOCUMENTATION_COMMENTS = YES;
				CLANG_WARN_EMPTY_BODY = YES;
				CLANG_WARN_ENUM_CONVERSION = YES;
				CLANG_WARN_INFINITE_RECURSION = YES;
				CLANG_WARN_INT_CONVERSION = YES;
				CLANG_WARN_NON_LITERAL_NULL_CONVERSION = YES;
				CLANG_WARN_OBJC_IMPLICIT_RETAIN_SELF = YES;
				CLANG_WARN_OBJC_LITERAL_CONVERSION = YES;
				CLANG_WARN_OBJC_ROOT_CLASS = YES_ERROR;
				CLANG_WARN_QUOTED_INCLUDE_IN_FRAMEWORK_HEADER = YES;
				CLANG_WARN_RANGE_LOOP_ANALYSIS = YES;
				CLANG_WARN_STRICT_PROTOTYPES = YES;
				CLANG_WARN_SUSPICIOUS_MOVE = YES;
				CLANG_WARN_UNGUARDED_AVAILABILITY = YES_AGGRESSIVE;
				CLANG_WARN_UNREACHABLE_CODE = YES;
				CLANG_WARN__DUPLICATE_METHOD_MATCH = YES;
				COPY_PHASE_STRIP = NO;
				DEBUG_INFORMATION_FORMAT = "dwarf-with-dsym";
				ENABLE_NS_ASSERTIONS = NO;
				ENABLE_STRICT_OBJC_MSGSEND = YES;
				GCC_C_LANGUAGE_STANDARD = gnu11;
				GCC_NO_COMMON_BLOCKS = YES;
				GCC_WARN_64_TO_32_BIT_CONVERSION = YES;
				GCC_WARN_ABOUT_RETURN_TYPE = YES_ERROR;
				GCC_WARN_UNDECLARED_SELECTOR = YES;
				GCC_WARN_UNINITIALIZED_AUTOS = YES_AGGRESSIVE;
				GCC_WARN_UNUSED_FUNCTION = YES;
				GCC_WARN_UNUSED_VARIABLE = YES;
				IPHONEOS_DEPLOYMENT_TARGET = 16.4;
				MTL_ENABLE_DEBUG_INFO = NO;
				MTL_FAST_MATH = YES;
				SDKROOT = iphoneos;
				SWIFT_COMPILATION_MODE = wholemodule;
				SWIFT_OPTIMIZATION_LEVEL = "-O";
				VALIDATE_PRODUCT = YES;
			};
			name = Release;
		};
		62A1C62E2A0E56B000156986 /* Debug */ = {
			isa = XCBuildConfiguration;
			baseConfigurationReference = 14C6310D9A97AB3835DDD319 /* Pods-RestaurantPicked.debug.xcconfig */;
			buildSettings = {
				ASSETCATALOG_COMPILER_APPICON_NAME = AppIcon;
				ASSETCATALOG_COMPILER_GLOBAL_ACCENT_COLOR_NAME = AccentColor;
				CODE_SIGN_STYLE = Automatic;
				CURRENT_PROJECT_VERSION = 1;
				DEVELOPMENT_TEAM = 9XG4S4XZWN;
				GENERATE_INFOPLIST_FILE = YES;
				INFOPLIST_FILE = RestaurantPicked/Info.plist;
				INFOPLIST_KEY_NSLocationAlwaysAndWhenInUseUsageDescription = "사용자 주변의 식당 정보를 검색하기 위하여 현재의 위치정보를 사용하게 됩니다.";
				INFOPLIST_KEY_NSLocationAlwaysUsageDescription = "사용자 주변의 식당 정보를 검색하기 위하여 현재의 위치정보를 사용하게 됩니다.";
				INFOPLIST_KEY_NSLocationWhenInUseUsageDescription = "사용자 주변의 식당 정보를 검색하기 위하여 현재의 위치정보를 사용하게 됩니다.";
				INFOPLIST_KEY_UIApplicationSupportsIndirectInputEvents = YES;
				INFOPLIST_KEY_UILaunchStoryboardName = LaunchScreen;
				INFOPLIST_KEY_UISupportedInterfaceOrientations_iPad = "UIInterfaceOrientationPortrait UIInterfaceOrientationPortraitUpsideDown UIInterfaceOrientationLandscapeLeft UIInterfaceOrientationLandscapeRight";
				INFOPLIST_KEY_UISupportedInterfaceOrientations_iPhone = "UIInterfaceOrientationPortrait UIInterfaceOrientationLandscapeLeft UIInterfaceOrientationLandscapeRight";
				IPHONEOS_DEPLOYMENT_TARGET = 15.0;
				LD_RUNPATH_SEARCH_PATHS = (
					"$(inherited)",
					"@executable_path/Frameworks",
				);
				MARKETING_VERSION = 1.0;
				PRODUCT_BUNDLE_IDENTIFIER = com.thinkyside.DelegatePatternLab;
				PRODUCT_NAME = "$(TARGET_NAME)";
				SWIFT_EMIT_LOC_STRINGS = YES;
				SWIFT_VERSION = 5.0;
				TARGETED_DEVICE_FAMILY = "1,2";
			};
			name = Debug;
		};
		62A1C62F2A0E56B000156986 /* Release */ = {
			isa = XCBuildConfiguration;
			baseConfigurationReference = 1E1B170F19C2F08351AF141D /* Pods-RestaurantPicked.release.xcconfig */;
			buildSettings = {
				ASSETCATALOG_COMPILER_APPICON_NAME = AppIcon;
				ASSETCATALOG_COMPILER_GLOBAL_ACCENT_COLOR_NAME = AccentColor;
				CODE_SIGN_STYLE = Automatic;
				CURRENT_PROJECT_VERSION = 1;
				DEVELOPMENT_TEAM = 9XG4S4XZWN;
				GENERATE_INFOPLIST_FILE = YES;
				INFOPLIST_FILE = RestaurantPicked/Info.plist;
				INFOPLIST_KEY_NSLocationAlwaysAndWhenInUseUsageDescription = "사용자 주변의 식당 정보를 검색하기 위하여 현재의 위치정보를 사용하게 됩니다.";
				INFOPLIST_KEY_NSLocationAlwaysUsageDescription = "사용자 주변의 식당 정보를 검색하기 위하여 현재의 위치정보를 사용하게 됩니다.";
				INFOPLIST_KEY_NSLocationWhenInUseUsageDescription = "사용자 주변의 식당 정보를 검색하기 위하여 현재의 위치정보를 사용하게 됩니다.";
				INFOPLIST_KEY_UIApplicationSupportsIndirectInputEvents = YES;
				INFOPLIST_KEY_UILaunchStoryboardName = LaunchScreen;
				INFOPLIST_KEY_UISupportedInterfaceOrientations_iPad = "UIInterfaceOrientationPortrait UIInterfaceOrientationPortraitUpsideDown UIInterfaceOrientationLandscapeLeft UIInterfaceOrientationLandscapeRight";
				INFOPLIST_KEY_UISupportedInterfaceOrientations_iPhone = "UIInterfaceOrientationPortrait UIInterfaceOrientationLandscapeLeft UIInterfaceOrientationLandscapeRight";
				IPHONEOS_DEPLOYMENT_TARGET = 15.0;
				LD_RUNPATH_SEARCH_PATHS = (
					"$(inherited)",
					"@executable_path/Frameworks",
				);
				MARKETING_VERSION = 1.0;
				PRODUCT_BUNDLE_IDENTIFIER = com.thinkyside.DelegatePatternLab;
				PRODUCT_NAME = "$(TARGET_NAME)";
				SWIFT_EMIT_LOC_STRINGS = YES;
				SWIFT_VERSION = 5.0;
				TARGETED_DEVICE_FAMILY = "1,2";
			};
			name = Release;
		};
/* End XCBuildConfiguration section */

/* Begin XCConfigurationList section */
		62A1C6142A0E56B000156986 /* Build configuration list for PBXProject "RestaurantPicked" */ = {
			isa = XCConfigurationList;
			buildConfigurations = (
				62A1C62B2A0E56B000156986 /* Debug */,
				62A1C62C2A0E56B000156986 /* Release */,
			);
			defaultConfigurationIsVisible = 0;
			defaultConfigurationName = Release;
		};
		62A1C62D2A0E56B000156986 /* Build configuration list for PBXNativeTarget "RestaurantPicked" */ = {
			isa = XCConfigurationList;
			buildConfigurations = (
				62A1C62E2A0E56B000156986 /* Debug */,
				62A1C62F2A0E56B000156986 /* Release */,
			);
			defaultConfigurationIsVisible = 0;
			defaultConfigurationName = Release;
		};
/* End XCConfigurationList section */

/* Begin XCRemoteSwiftPackageReference section */
		62A1C6322A0E67E400156986 /* XCRemoteSwiftPackageReference "Alamofire" */ = {
			isa = XCRemoteSwiftPackageReference;
			repositoryURL = "https://github.com/Alamofire/Alamofire.git";
			requirement = {
				kind = upToNextMajorVersion;
				minimumVersion = 5.0.0;
			};
		};
		62A1C6352A0E683300156986 /* XCRemoteSwiftPackageReference "SnapKit" */ = {
			isa = XCRemoteSwiftPackageReference;
			repositoryURL = "https://github.com/SnapKit/SnapKit.git";
			requirement = {
				kind = upToNextMajorVersion;
				minimumVersion = 5.0.0;
			};
		};
/* End XCRemoteSwiftPackageReference section */

/* Begin XCSwiftPackageProductDependency section */
		62A1C6332A0E67E400156986 /* Alamofire */ = {
			isa = XCSwiftPackageProductDependency;
			package = 62A1C6322A0E67E400156986 /* XCRemoteSwiftPackageReference "Alamofire" */;
			productName = Alamofire;
		};
		62A1C6362A0E683300156986 /* SnapKit */ = {
			isa = XCSwiftPackageProductDependency;
			package = 62A1C6352A0E683300156986 /* XCRemoteSwiftPackageReference "SnapKit" */;
			productName = SnapKit;
		};
/* End XCSwiftPackageProductDependency section */
	};
	rootObject = 62A1C6112A0E56B000156986 /* Project object */;
}
