// !$*UTF8*$!
{
	archiveVersion = 1;
	classes = {
	};
	objectVersion = 56;
	objects = {

/* Begin PBXBuildFile section */
		0751131D2A1088ED002CBED9 /* SearchLocation.swift in Sources */ = {isa = PBXBuildFile; fileRef = 0751131C2A1088ED002CBED9 /* SearchLocation.swift */; };
		075113232A10A190002CBED9 /* SafeURL.swift in Sources */ = {isa = PBXBuildFile; fileRef = 075113222A10A190002CBED9 /* SafeURL.swift */; };
		4D960CF12A113F5900F54D4B /* APIKEY.plist in Resources */ = {isa = PBXBuildFile; fileRef = 4D960CF02A113F5900F54D4B /* APIKEY.plist */; };
		4D960CF32A11400D00F54D4B /* ReverseGeocodingAPI.swift in Sources */ = {isa = PBXBuildFile; fileRef = 4D960CF22A11400D00F54D4B /* ReverseGeocodingAPI.swift */; };
		62A1C61D2A0E56B000156986 /* AppDelegate.swift in Sources */ = {isa = PBXBuildFile; fileRef = 62A1C61C2A0E56B000156986 /* AppDelegate.swift */; };
		62A1C61F2A0E56B000156986 /* SceneDelegate.swift in Sources */ = {isa = PBXBuildFile; fileRef = 62A1C61E2A0E56B000156986 /* SceneDelegate.swift */; };
		62A1C6212A0E56B000156986 /* RandomViewController.swift in Sources */ = {isa = PBXBuildFile; fileRef = 62A1C6202A0E56B000156986 /* RandomViewController.swift */; };
		62A1C6262A0E56B000156986 /* Assets.xcassets in Resources */ = {isa = PBXBuildFile; fileRef = 62A1C6252A0E56B000156986 /* Assets.xcassets */; };
		62A1C6292A0E56B000156986 /* LaunchScreen.storyboard in Resources */ = {isa = PBXBuildFile; fileRef = 62A1C6272A0E56B000156986 /* LaunchScreen.storyboard */; };
		62A1C6342A0E67E400156986 /* Alamofire in Frameworks */ = {isa = PBXBuildFile; productRef = 62A1C6332A0E67E400156986 /* Alamofire */; };
		62A1C6372A0E683300156986 /* SnapKit in Frameworks */ = {isa = PBXBuildFile; productRef = 62A1C6362A0E683300156986 /* SnapKit */; };
		62A1C63F2A0E694600156986 /* SearchLocationAPI.swift in Sources */ = {isa = PBXBuildFile; fileRef = 62A1C63E2A0E694600156986 /* SearchLocationAPI.swift */; };
		62A1C6412A0E695500156986 /* ReverseGeocoding.swift in Sources */ = {isa = PBXBuildFile; fileRef = 62A1C6402A0E695500156986 /* ReverseGeocoding.swift */; };
		62A1C6452A0E69AC00156986 /* Random.swift in Sources */ = {isa = PBXBuildFile; fileRef = 62A1C6442A0E69AC00156986 /* Random.swift */; };
		62A1C6492A0E69C100156986 /* HalfRandom.swift in Sources */ = {isa = PBXBuildFile; fileRef = 62A1C6482A0E69C100156986 /* HalfRandom.swift */; };
		62A1C64B2A0E69C800156986 /* Result.swift in Sources */ = {isa = PBXBuildFile; fileRef = 62A1C64A2A0E69C800156986 /* Result.swift */; };
		62A1C64D2A0E69E200156986 /* Detail.swift in Sources */ = {isa = PBXBuildFile; fileRef = 62A1C64C2A0E69E200156986 /* Detail.swift */; };
		62A1C6502A0E6A2B00156986 /* Extension.swift in Sources */ = {isa = PBXBuildFile; fileRef = 62A1C64F2A0E6A2B00156986 /* Extension.swift */; };
		62C6BAA12A11E93200957584 /* MainTabBarController.swift in Sources */ = {isa = PBXBuildFile; fileRef = 62C6BAA02A11E93200957584 /* MainTabBarController.swift */; };
		62C6BAA32A11E97600957584 /* HalfRandomViewController.swift in Sources */ = {isa = PBXBuildFile; fileRef = 62C6BAA22A11E97600957584 /* HalfRandomViewController.swift */; };
		62C6BAA52A11E98B00957584 /* RestaurantDetailViewController.swift in Sources */ = {isa = PBXBuildFile; fileRef = 62C6BAA42A11E98B00957584 /* RestaurantDetailViewController.swift */; };
/* End PBXBuildFile section */

/* Begin PBXFileReference section */
		0751131C2A1088ED002CBED9 /* SearchLocation.swift */ = {isa = PBXFileReference; lastKnownFileType = sourcecode.swift; path = SearchLocation.swift; sourceTree = "<group>"; };
		075113222A10A190002CBED9 /* SafeURL.swift */ = {isa = PBXFileReference; lastKnownFileType = sourcecode.swift; path = SafeURL.swift; sourceTree = "<group>"; };
		4D960CF02A113F5900F54D4B /* APIKEY.plist */ = {isa = PBXFileReference; lastKnownFileType = text.plist.xml; path = APIKEY.plist; sourceTree = "<group>"; };
		4D960CF22A11400D00F54D4B /* ReverseGeocodingAPI.swift */ = {isa = PBXFileReference; lastKnownFileType = sourcecode.swift; path = ReverseGeocodingAPI.swift; sourceTree = "<group>"; };
		62A1C6192A0E56B000156986 /* RestaurantPicked.app */ = {isa = PBXFileReference; explicitFileType = wrapper.application; includeInIndex = 0; path = RestaurantPicked.app; sourceTree = BUILT_PRODUCTS_DIR; };
		62A1C61C2A0E56B000156986 /* AppDelegate.swift */ = {isa = PBXFileReference; lastKnownFileType = sourcecode.swift; path = AppDelegate.swift; sourceTree = "<group>"; };
		62A1C61E2A0E56B000156986 /* SceneDelegate.swift */ = {isa = PBXFileReference; lastKnownFileType = sourcecode.swift; path = SceneDelegate.swift; sourceTree = "<group>"; };
		62A1C6202A0E56B000156986 /* RandomViewController.swift */ = {isa = PBXFileReference; lastKnownFileType = sourcecode.swift; path = RandomViewController.swift; sourceTree = "<group>"; };
		62A1C6252A0E56B000156986 /* Assets.xcassets */ = {isa = PBXFileReference; lastKnownFileType = folder.assetcatalog; path = Assets.xcassets; sourceTree = "<group>"; };
		62A1C6282A0E56B000156986 /* Base */ = {isa = PBXFileReference; lastKnownFileType = file.storyboard; name = Base; path = Base.lproj/LaunchScreen.storyboard; sourceTree = "<group>"; };
		62A1C62A2A0E56B000156986 /* Info.plist */ = {isa = PBXFileReference; lastKnownFileType = text.plist.xml; path = Info.plist; sourceTree = "<group>"; };
		62A1C63E2A0E694600156986 /* SearchLocationAPI.swift */ = {isa = PBXFileReference; lastKnownFileType = sourcecode.swift; path = SearchLocationAPI.swift; sourceTree = "<group>"; };
		62A1C6402A0E695500156986 /* ReverseGeocoding.swift */ = {isa = PBXFileReference; lastKnownFileType = sourcecode.swift; path = ReverseGeocoding.swift; sourceTree = "<group>"; };
		62A1C6442A0E69AC00156986 /* Random.swift */ = {isa = PBXFileReference; lastKnownFileType = sourcecode.swift; path = Random.swift; sourceTree = "<group>"; };
		62A1C6482A0E69C100156986 /* HalfRandom.swift */ = {isa = PBXFileReference; lastKnownFileType = sourcecode.swift; path = HalfRandom.swift; sourceTree = "<group>"; };
		62A1C64A2A0E69C800156986 /* Result.swift */ = {isa = PBXFileReference; lastKnownFileType = sourcecode.swift; path = Result.swift; sourceTree = "<group>"; };
		62A1C64C2A0E69E200156986 /* Detail.swift */ = {isa = PBXFileReference; lastKnownFileType = sourcecode.swift; path = Detail.swift; sourceTree = "<group>"; };
		62A1C64F2A0E6A2B00156986 /* Extension.swift */ = {isa = PBXFileReference; lastKnownFileType = sourcecode.swift; path = Extension.swift; sourceTree = "<group>"; };
		62C6BAA02A11E93200957584 /* MainTabBarController.swift */ = {isa = PBXFileReference; lastKnownFileType = sourcecode.swift; path = MainTabBarController.swift; sourceTree = "<group>"; };
		62C6BAA22A11E97600957584 /* HalfRandomViewController.swift */ = {isa = PBXFileReference; lastKnownFileType = sourcecode.swift; path = HalfRandomViewController.swift; sourceTree = "<group>"; };
		62C6BAA42A11E98B00957584 /* RestaurantDetailViewController.swift */ = {isa = PBXFileReference; lastKnownFileType = sourcecode.swift; path = RestaurantDetailViewController.swift; sourceTree = "<group>"; };
/* End PBXFileReference section */

/* Begin PBXFrameworksBuildPhase section */
		62A1C6162A0E56B000156986 /* Frameworks */ = {
			isa = PBXFrameworksBuildPhase;
			buildActionMask = 2147483647;
			files = (
				62A1C6342A0E67E400156986 /* Alamofire in Frameworks */,
				62A1C6372A0E683300156986 /* SnapKit in Frameworks */,
			);
			runOnlyForDeploymentPostprocessing = 0;
		};
/* End PBXFrameworksBuildPhase section */

/* Begin PBXGroup section */
		62A1C6102A0E56B000156986 = {
			isa = PBXGroup;
			children = (
				62A1C61B2A0E56B000156986 /* RestaurantPicked */,
				62A1C61A2A0E56B000156986 /* Products */,
			);
			sourceTree = "<group>";
		};
		62A1C61A2A0E56B000156986 /* Products */ = {
			isa = PBXGroup;
			children = (
				62A1C6192A0E56B000156986 /* RestaurantPicked.app */,
			);
			name = Products;
			sourceTree = "<group>";
		};
		62A1C61B2A0E56B000156986 /* RestaurantPicked */ = {
			isa = PBXGroup;
			children = (
				62A1C61C2A0E56B000156986 /* AppDelegate.swift */,
				62A1C61E2A0E56B000156986 /* SceneDelegate.swift */,
				4D960CF02A113F5900F54D4B /* APIKEY.plist */,
				62A1C6252A0E56B000156986 /* Assets.xcassets */,
				62A1C6272A0E56B000156986 /* LaunchScreen.storyboard */,
				62A1C62A2A0E56B000156986 /* Info.plist */,
				62A1C6392A0E68B900156986 /* Models */,
				62A1C63A2A0E68C400156986 /* Views */,
				62A1C63B2A0E68CF00156986 /* Controllers */,
				62A1C64E2A0E6A0D00156986 /* Extension */,
			);
			path = RestaurantPicked;
			sourceTree = "<group>";
		};
		62A1C6392A0E68B900156986 /* Models */ = {
			isa = PBXGroup;
			children = (
				0751131C2A1088ED002CBED9 /* SearchLocation.swift */,
				62A1C63E2A0E694600156986 /* SearchLocationAPI.swift */,
				62A1C6402A0E695500156986 /* ReverseGeocoding.swift */,
				4D960CF22A11400D00F54D4B /* ReverseGeocodingAPI.swift */,
			);
			path = Models;
			sourceTree = "<group>";
		};
		62A1C63A2A0E68C400156986 /* Views */ = {
			isa = PBXGroup;
			children = (
				62A1C6442A0E69AC00156986 /* Random.swift */,
				62A1C6482A0E69C100156986 /* HalfRandom.swift */,
				62A1C64A2A0E69C800156986 /* Result.swift */,
				62A1C64C2A0E69E200156986 /* Detail.swift */,
			);
			path = Views;
			sourceTree = "<group>";
		};
		62A1C63B2A0E68CF00156986 /* Controllers */ = {
			isa = PBXGroup;
			children = (
				62C6BAA02A11E93200957584 /* MainTabBarController.swift */,
				62A1C6202A0E56B000156986 /* RandomViewController.swift */,
				62C6BAA22A11E97600957584 /* HalfRandomViewController.swift */,
				62C6BAA42A11E98B00957584 /* RestaurantDetailViewController.swift */,
			);
			path = Controllers;
			sourceTree = "<group>";
		};
		62A1C64E2A0E6A0D00156986 /* Extension */ = {
			isa = PBXGroup;
			children = (
				62A1C64F2A0E6A2B00156986 /* Extension.swift */,
				075113222A10A190002CBED9 /* SafeURL.swift */,
			);
			path = Extension;
			sourceTree = "<group>";
		};
/* End PBXGroup section */

/* Begin PBXNativeTarget section */
		62A1C6182A0E56B000156986 /* RestaurantPicked */ = {
			isa = PBXNativeTarget;
			buildConfigurationList = 62A1C62D2A0E56B000156986 /* Build configuration list for PBXNativeTarget "RestaurantPicked" */;
			buildPhases = (
				62A1C6152A0E56B000156986 /* Sources */,
				62A1C6162A0E56B000156986 /* Frameworks */,
				62A1C6172A0E56B000156986 /* Resources */,
			);
			buildRules = (
			);
			dependencies = (
			);
			name = RestaurantPicked;
			packageProductDependencies = (
				62A1C6332A0E67E400156986 /* Alamofire */,
				62A1C6362A0E683300156986 /* SnapKit */,
			);
			productName = RestaurantPicked;
			productReference = 62A1C6192A0E56B000156986 /* RestaurantPicked.app */;
			productType = "com.apple.product-type.application";
		};
/* End PBXNativeTarget section */

/* Begin PBXProject section */
		62A1C6112A0E56B000156986 /* Project object */ = {
			isa = PBXProject;
			attributes = {
				BuildIndependentTargetsInParallel = 1;
				LastSwiftUpdateCheck = 1430;
				LastUpgradeCheck = 1430;
				TargetAttributes = {
					62A1C6182A0E56B000156986 = {
						CreatedOnToolsVersion = 14.3;
					};
				};
			};
			buildConfigurationList = 62A1C6142A0E56B000156986 /* Build configuration list for PBXProject "RestaurantPicked" */;
			compatibilityVersion = "Xcode 14.0";
			developmentRegion = en;
			hasScannedForEncodings = 0;
			knownRegions = (
				en,
				Base,
			);
			mainGroup = 62A1C6102A0E56B000156986;
			packageReferences = (
				62A1C6322A0E67E400156986 /* XCRemoteSwiftPackageReference "Alamofire" */,
				62A1C6352A0E683300156986 /* XCRemoteSwiftPackageReference "SnapKit" */,
			);
			productRefGroup = 62A1C61A2A0E56B000156986 /* Products */;
			projectDirPath = "";
			projectRoot = "";
			targets = (
				62A1C6182A0E56B000156986 /* RestaurantPicked */,
			);
		};
/* End PBXProject section */

/* Begin PBXResourcesBuildPhase section */
		62A1C6172A0E56B000156986 /* Resources */ = {
			isa = PBXResourcesBuildPhase;
			buildActionMask = 2147483647;
			files = (
				62A1C6292A0E56B000156986 /* LaunchScreen.storyboard in Resources */,
				62A1C6262A0E56B000156986 /* Assets.xcassets in Resources */,
				4D960CF12A113F5900F54D4B /* APIKEY.plist in Resources */,
			);
			runOnlyForDeploymentPostprocessing = 0;
		};
/* End PBXResourcesBuildPhase section */

/* Begin PBXSourcesBuildPhase section */
		62A1C6152A0E56B000156986 /* Sources */ = {
			isa = PBXSourcesBuildPhase;
			buildActionMask = 2147483647;
			files = (
				62C6BAA32A11E97600957584 /* HalfRandomViewController.swift in Sources */,
				62A1C6212A0E56B000156986 /* RandomViewController.swift in Sources */,
				4D960CF32A11400D00F54D4B /* ReverseGeocodingAPI.swift in Sources */,
				62A1C61D2A0E56B000156986 /* AppDelegate.swift in Sources */,
				075113232A10A190002CBED9 /* SafeURL.swift in Sources */,
				62A1C64D2A0E69E200156986 /* Detail.swift in Sources */,
				0751131D2A1088ED002CBED9 /* SearchLocation.swift in Sources */,
				62A1C6452A0E69AC00156986 /* Random.swift in Sources */,
				62C6BAA52A11E98B00957584 /* RestaurantDetailViewController.swift in Sources */,
				62A1C63F2A0E694600156986 /* SearchLocationAPI.swift in Sources */,
				62C6BAA12A11E93200957584 /* MainTabBarController.swift in Sources */,
				62A1C6502A0E6A2B00156986 /* Extension.swift in Sources */,
				62A1C61F2A0E56B000156986 /* SceneDelegate.swift in Sources */,
				62A1C6412A0E695500156986 /* ReverseGeocoding.swift in Sources */,
				62A1C64B2A0E69C800156986 /* Result.swift in Sources */,
				62A1C6492A0E69C100156986 /* HalfRandom.swift in Sources */,
			);
			runOnlyForDeploymentPostprocessing = 0;
		};
/* End PBXSourcesBuildPhase section */

/* Begin PBXVariantGroup section */
		62A1C6272A0E56B000156986 /* LaunchScreen.storyboard */ = {
			isa = PBXVariantGroup;
			children = (
				62A1C6282A0E56B000156986 /* Base */,
			);
			name = LaunchScreen.storyboard;
			sourceTree = "<group>";
		};
/* End PBXVariantGroup section */

/* Begin XCBuildConfiguration section */
		62A1C62B2A0E56B000156986 /* Debug */ = {
			isa = XCBuildConfiguration;
			buildSettings = {
				ALWAYS_SEARCH_USER_PATHS = NO;
				CLANG_ANALYZER_NONNULL = YES;
				CLANG_ANALYZER_NUMBER_OBJECT_CONVERSION = YES_AGGRESSIVE;
				CLANG_CXX_LANGUAGE_STANDARD = "gnu++20";
				CLANG_ENABLE_MODULES = YES;
				CLANG_ENABLE_OBJC_ARC = YES;
				CLANG_ENABLE_OBJC_WEAK = YES;
				CLANG_WARN_BLOCK_CAPTURE_AUTORELEASING = YES;
				CLANG_WARN_BOOL_CONVERSION = YES;
				CLANG_WARN_COMMA = YES;
				CLANG_WARN_CONSTANT_CONVERSION = YES;
				CLANG_WARN_DEPRECATED_OBJC_IMPLEMENTATIONS = YES;
				CLANG_WARN_DIRECT_OBJC_ISA_USAGE = YES_ERROR;
				CLANG_WARN_DOCUMENTATION_COMMENTS = YES;
				CLANG_WARN_EMPTY_BODY = YES;
				CLANG_WARN_ENUM_CONVERSION = YES;
				CLANG_WARN_INFINITE_RECURSION = YES;
				CLANG_WARN_INT_CONVERSION = YES;
				CLANG_WARN_NON_LITERAL_NULL_CONVERSION = YES;
				CLANG_WARN_OBJC_IMPLICIT_RETAIN_SELF = YES;
				CLANG_WARN_OBJC_LITERAL_CONVERSION = YES;
				CLANG_WARN_OBJC_ROOT_CLASS = YES_ERROR;
				CLANG_WARN_QUOTED_INCLUDE_IN_FRAMEWORK_HEADER = YES;
				CLANG_WARN_RANGE_LOOP_ANALYSIS = YES;
				CLANG_WARN_STRICT_PROTOTYPES = YES;
				CLANG_WARN_SUSPICIOUS_MOVE = YES;
				CLANG_WARN_UNGUARDED_AVAILABILITY = YES_AGGRESSIVE;
				CLANG_WARN_UNREACHABLE_CODE = YES;
				CLANG_WARN__DUPLICATE_METHOD_MATCH = YES;
				COPY_PHASE_STRIP = NO;
				DEBUG_INFORMATION_FORMAT = dwarf;
				ENABLE_STRICT_OBJC_MSGSEND = YES;
				ENABLE_TESTABILITY = YES;
				GCC_C_LANGUAGE_STANDARD = gnu11;
				GCC_DYNAMIC_NO_PIC = NO;
				GCC_NO_COMMON_BLOCKS = YES;
				GCC_OPTIMIZATION_LEVEL = 0;
				GCC_PREPROCESSOR_DEFINITIONS = (
					"DEBUG=1",
					"$(inherited)",
				);
				GCC_WARN_64_TO_32_BIT_CONVERSION = YES;
				GCC_WARN_ABOUT_RETURN_TYPE = YES_ERROR;
				GCC_WARN_UNDECLARED_SELECTOR = YES;
				GCC_WARN_UNINITIALIZED_AUTOS = YES_AGGRESSIVE;
				GCC_WARN_UNUSED_FUNCTION = YES;
				GCC_WARN_UNUSED_VARIABLE = YES;
				IPHONEOS_DEPLOYMENT_TARGET = 16.4;
				MTL_ENABLE_DEBUG_INFO = INCLUDE_SOURCE;
				MTL_FAST_MATH = YES;
				ONLY_ACTIVE_ARCH = YES;
				SDKROOT = iphoneos;
				SWIFT_ACTIVE_COMPILATION_CONDITIONS = DEBUG;
				SWIFT_OPTIMIZATION_LEVEL = "-Onone";
			};
			name = Debug;
		};
		62A1C62C2A0E56B000156986 /* Release */ = {
			isa = XCBuildConfiguration;
			buildSettings = {
				ALWAYS_SEARCH_USER_PATHS = NO;
				CLANG_ANALYZER_NONNULL = YES;
				CLANG_ANALYZER_NUMBER_OBJECT_CONVERSION = YES_AGGRESSIVE;
				CLANG_CXX_LANGUAGE_STANDARD = "gnu++20";
				CLANG_ENABLE_MODULES = YES;
				CLANG_ENABLE_OBJC_ARC = YES;
				CLANG_ENABLE_OBJC_WEAK = YES;
				CLANG_WARN_BLOCK_CAPTURE_AUTORELEASING = YES;
				CLANG_WARN_BOOL_CONVERSION = YES;
				CLANG_WARN_COMMA = YES;
				CLANG_WARN_CONSTANT_CONVERSION = YES;
				CLANG_WARN_DEPRECATED_OBJC_IMPLEMENTATIONS = YES;
				CLANG_WARN_DIRECT_OBJC_ISA_USAGE = YES_ERROR;
				CLANG_WARN_DOCUMENTATION_COMMENTS = YES;
				CLANG_WARN_EMPTY_BODY = YES;
				CLANG_WARN_ENUM_CONVERSION = YES;
				CLANG_WARN_INFINITE_RECURSION = YES;
				CLANG_WARN_INT_CONVERSION = YES;
				CLANG_WARN_NON_LITERAL_NULL_CONVERSION = YES;
				CLANG_WARN_OBJC_IMPLICIT_RETAIN_SELF = YES;
				CLANG_WARN_OBJC_LITERAL_CONVERSION = YES;
				CLANG_WARN_OBJC_ROOT_CLASS = YES_ERROR;
				CLANG_WARN_QUOTED_INCLUDE_IN_FRAMEWORK_HEADER = YES;
				CLANG_WARN_RANGE_LOOP_ANALYSIS = YES;
				CLANG_WARN_STRICT_PROTOTYPES = YES;
				CLANG_WARN_SUSPICIOUS_MOVE = YES;
				CLANG_WARN_UNGUARDED_AVAILABILITY = YES_AGGRESSIVE;
				CLANG_WARN_UNREACHABLE_CODE = YES;
				CLANG_WARN__DUPLICATE_METHOD_MATCH = YES;
				COPY_PHASE_STRIP = NO;
				DEBUG_INFORMATION_FORMAT = "dwarf-with-dsym";
				ENABLE_NS_ASSERTIONS = NO;
				ENABLE_STRICT_OBJC_MSGSEND = YES;
				GCC_C_LANGUAGE_STANDARD = gnu11;
				GCC_NO_COMMON_BLOCKS = YES;
				GCC_WARN_64_TO_32_BIT_CONVERSION = YES;
				GCC_WARN_ABOUT_RETURN_TYPE = YES_ERROR;
				GCC_WARN_UNDECLARED_SELECTOR = YES;
				GCC_WARN_UNINITIALIZED_AUTOS = YES_AGGRESSIVE;
				GCC_WARN_UNUSED_FUNCTION = YES;
				GCC_WARN_UNUSED_VARIABLE = YES;
				IPHONEOS_DEPLOYMENT_TARGET = 16.4;
				MTL_ENABLE_DEBUG_INFO = NO;
				MTL_FAST_MATH = YES;
				SDKROOT = iphoneos;
				SWIFT_COMPILATION_MODE = wholemodule;
				SWIFT_OPTIMIZATION_LEVEL = "-O";
				VALIDATE_PRODUCT = YES;
			};
			name = Release;
		};
		62A1C62E2A0E56B000156986 /* Debug */ = {
			isa = XCBuildConfiguration;
			buildSettings = {
				ASSETCATALOG_COMPILER_APPICON_NAME = AppIcon;
				ASSETCATALOG_COMPILER_GLOBAL_ACCENT_COLOR_NAME = AccentColor;
				CODE_SIGN_STYLE = Automatic;
				CURRENT_PROJECT_VERSION = 1;
				DEVELOPMENT_TEAM = D4VVWK4VBS;
				GENERATE_INFOPLIST_FILE = YES;
				INFOPLIST_FILE = RestaurantPicked/Info.plist;
				INFOPLIST_KEY_UIApplicationSupportsIndirectInputEvents = YES;
				INFOPLIST_KEY_UILaunchStoryboardName = LaunchScreen;
				INFOPLIST_KEY_UISupportedInterfaceOrientations_iPad = "UIInterfaceOrientationPortrait UIInterfaceOrientationPortraitUpsideDown UIInterfaceOrientationLandscapeLeft UIInterfaceOrientationLandscapeRight";
				INFOPLIST_KEY_UISupportedInterfaceOrientations_iPhone = "UIInterfaceOrientationPortrait UIInterfaceOrientationLandscapeLeft UIInterfaceOrientationLandscapeRight";
				LD_RUNPATH_SEARCH_PATHS = (
					"$(inherited)",
					"@executable_path/Frameworks",
				);
				MARKETING_VERSION = 1.0;
				PRODUCT_BUNDLE_IDENTIFIER = com.baegopa.RestaurantPicked;
				PRODUCT_NAME = "$(TARGET_NAME)";
				SWIFT_EMIT_LOC_STRINGS = YES;
				SWIFT_VERSION = 5.0;
				TARGETED_DEVICE_FAMILY = "1,2";
			};
			name = Debug;
		};
		62A1C62F2A0E56B000156986 /* Release */ = {
			isa = XCBuildConfiguration;
			buildSettings = {
				ASSETCATALOG_COMPILER_APPICON_NAME = AppIcon;
				ASSETCATALOG_COMPILER_GLOBAL_ACCENT_COLOR_NAME = AccentColor;
				CODE_SIGN_STYLE = Automatic;
				CURRENT_PROJECT_VERSION = 1;
				DEVELOPMENT_TEAM = D4VVWK4VBS;
				GENERATE_INFOPLIST_FILE = YES;
				INFOPLIST_FILE = RestaurantPicked/Info.plist;
				INFOPLIST_KEY_UIApplicationSupportsIndirectInputEvents = YES;
				INFOPLIST_KEY_UILaunchStoryboardName = LaunchScreen;
				INFOPLIST_KEY_UISupportedInterfaceOrientations_iPad = "UIInterfaceOrientationPortrait UIInterfaceOrientationPortraitUpsideDown UIInterfaceOrientationLandscapeLeft UIInterfaceOrientationLandscapeRight";
				INFOPLIST_KEY_UISupportedInterfaceOrientations_iPhone = "UIInterfaceOrientationPortrait UIInterfaceOrientationLandscapeLeft UIInterfaceOrientationLandscapeRight";
				LD_RUNPATH_SEARCH_PATHS = (
					"$(inherited)",
					"@executable_path/Frameworks",
				);
				MARKETING_VERSION = 1.0;
				PRODUCT_BUNDLE_IDENTIFIER = com.baegopa.RestaurantPicked;
				PRODUCT_NAME = "$(TARGET_NAME)";
				SWIFT_EMIT_LOC_STRINGS = YES;
				SWIFT_VERSION = 5.0;
				TARGETED_DEVICE_FAMILY = "1,2";
			};
			name = Release;
		};
/* End XCBuildConfiguration section */

/* Begin XCConfigurationList section */
		62A1C6142A0E56B000156986 /* Build configuration list for PBXProject "RestaurantPicked" */ = {
			isa = XCConfigurationList;
			buildConfigurations = (
				62A1C62B2A0E56B000156986 /* Debug */,
				62A1C62C2A0E56B000156986 /* Release */,
			);
			defaultConfigurationIsVisible = 0;
			defaultConfigurationName = Release;
		};
		62A1C62D2A0E56B000156986 /* Build configuration list for PBXNativeTarget "RestaurantPicked" */ = {
			isa = XCConfigurationList;
			buildConfigurations = (
				62A1C62E2A0E56B000156986 /* Debug */,
				62A1C62F2A0E56B000156986 /* Release */,
			);
			defaultConfigurationIsVisible = 0;
			defaultConfigurationName = Release;
		};
/* End XCConfigurationList section */

/* Begin XCRemoteSwiftPackageReference section */
		62A1C6322A0E67E400156986 /* XCRemoteSwiftPackageReference "Alamofire" */ = {
			isa = XCRemoteSwiftPackageReference;
			repositoryURL = "https://github.com/Alamofire/Alamofire.git";
			requirement = {
				kind = upToNextMajorVersion;
				minimumVersion = 5.0.0;
			};
		};
		62A1C6352A0E683300156986 /* XCRemoteSwiftPackageReference "SnapKit" */ = {
			isa = XCRemoteSwiftPackageReference;
			repositoryURL = "https://github.com/SnapKit/SnapKit.git";
			requirement = {
				kind = upToNextMajorVersion;
				minimumVersion = 5.0.0;
			};
		};
/* End XCRemoteSwiftPackageReference section */

/* Begin XCSwiftPackageProductDependency section */
		62A1C6332A0E67E400156986 /* Alamofire */ = {
			isa = XCSwiftPackageProductDependency;
			package = 62A1C6322A0E67E400156986 /* XCRemoteSwiftPackageReference "Alamofire" */;
			productName = Alamofire;
		};
		62A1C6362A0E683300156986 /* SnapKit */ = {
			isa = XCSwiftPackageProductDependency;
			package = 62A1C6352A0E683300156986 /* XCRemoteSwiftPackageReference "SnapKit" */;
			productName = SnapKit;
		};
/* End XCSwiftPackageProductDependency section */
	};
	rootObject = 62A1C6112A0E56B000156986 /* Project object */;
}
